version = 1
revision = 3
requires-python = ">=3.11, <3.13"

[[package]]
name = "colorama"
version = "0.4.6"
source = { registry = "https://pypi.org/simple" }
sdist = { url = "https://files.pythonhosted.org/packages/d8/53/6f443c9a4a8358a93a6792e2acffb9d9d5cb0a5cfd8802644b7b1c9a02e4/colorama-0.4.6.tar.gz", hash = "sha256:08695f5cb7ed6e0531a20572697297273c47b8cae5a63ffc6d6ed5c201be6e44", size = 27697, upload-time = "2022-10-25T02:36:22.414Z" }
wheels = [
    { url = "https://files.pythonhosted.org/packages/d1/d6/3965ed04c63042e047cb6a3e6ed1a63a35087b6a609aa3a15ed8ac56c221/colorama-0.4.6-py2.py3-none-any.whl", hash = "sha256:4f1d9991f5acc0ca119f9d443620b77f9d6b33703e51011c16baf57afb285fc6", size = 25335, upload-time = "2022-10-25T02:36:20.889Z" },
]

[[package]]
name = "crcmod"
version = "1.7"
source = { registry = "https://pypi.org/simple" }
sdist = { url = "https://files.pythonhosted.org/packages/6b/b0/e595ce2a2527e169c3bcd6c33d2473c1918e0b7f6826a043ca1245dd4e5b/crcmod-1.7.tar.gz", hash = "sha256:dc7051a0db5f2bd48665a990d3ec1cc305a466a77358ca4492826f41f283601e", size = 89670, upload-time = "2010-06-27T14:35:29.538Z" }

[[package]]
name = "jinja2"
version = "3.1.6"
source = { registry = "https://pypi.org/simple" }
dependencies = [
    { name = "markupsafe" },
]
sdist = { url = "https://files.pythonhosted.org/packages/df/bf/f7da0350254c0ed7c72f3e33cef02e048281fec7ecec5f032d4aac52226b/jinja2-3.1.6.tar.gz", hash = "sha256:0137fb05990d35f1275a587e9aee6d56da821fc83491a0fb838183be43f66d6d", size = 245115, upload-time = "2025-03-05T20:05:02.478Z" }
wheels = [
    { url = "https://files.pythonhosted.org/packages/62/a1/3d680cbfd5f4b8f15abc1d571870c5fc3e594bb582bc3b64ea099db13e56/jinja2-3.1.6-py3-none-any.whl", hash = "sha256:85ece4451f492d0c13c5dd7c13a64681a86afae63a5f347908daf103ce6d2f67", size = 134899, upload-time = "2025-03-05T20:05:00.369Z" },
]

[[package]]
name = "markupsafe"
version = "3.0.3"
source = { registry = "https://pypi.org/simple" }
sdist = { url = "https://files.pythonhosted.org/packages/7e/99/7690b6d4034fffd95959cbe0c02de8deb3098cc577c67bb6a24fe5d7caa7/markupsafe-3.0.3.tar.gz", hash = "sha256:722695808f4b6457b320fdc131280796bdceb04ab50fe1795cd540799ebe1698", size = 80313, upload-time = "2025-09-27T18:37:40.426Z" }
wheels = [
    { url = "https://files.pythonhosted.org/packages/08/db/fefacb2136439fc8dd20e797950e749aa1f4997ed584c62cfb8ef7c2be0e/markupsafe-3.0.3-cp311-cp311-macosx_10_9_x86_64.whl", hash = "sha256:1cc7ea17a6824959616c525620e387f6dd30fec8cb44f649e31712db02123dad", size = 11631, upload-time = "2025-09-27T18:36:18.185Z" },
    { url = "https://files.pythonhosted.org/packages/e1/2e/5898933336b61975ce9dc04decbc0a7f2fee78c30353c5efba7f2d6ff27a/markupsafe-3.0.3-cp311-cp311-macosx_11_0_arm64.whl", hash = "sha256:4bd4cd07944443f5a265608cc6aab442e4f74dff8088b0dfc8238647b8f6ae9a", size = 12058, upload-time = "2025-09-27T18:36:19.444Z" },
    { url = "https://files.pythonhosted.org/packages/1d/09/adf2df3699d87d1d8184038df46a9c80d78c0148492323f4693df54e17bb/markupsafe-3.0.3-cp311-cp311-manylinux2014_aarch64.manylinux_2_17_aarch64.manylinux_2_28_aarch64.whl", hash = "sha256:6b5420a1d9450023228968e7e6a9ce57f65d148ab56d2313fcd589eee96a7a50", size = 24287, upload-time = "2025-09-27T18:36:20.768Z" },
    { url = "https://files.pythonhosted.org/packages/30/ac/0273f6fcb5f42e314c6d8cd99effae6a5354604d461b8d392b5ec9530a54/markupsafe-3.0.3-cp311-cp311-manylinux2014_x86_64.manylinux_2_17_x86_64.manylinux_2_28_x86_64.whl", hash = "sha256:0bf2a864d67e76e5c9a34dc26ec616a66b9888e25e7b9460e1c76d3293bd9dbf", size = 22940, upload-time = "2025-09-27T18:36:22.249Z" },
    { url = "https://files.pythonhosted.org/packages/19/ae/31c1be199ef767124c042c6c3e904da327a2f7f0cd63a0337e1eca2967a8/markupsafe-3.0.3-cp311-cp311-manylinux_2_31_riscv64.manylinux_2_39_riscv64.whl", hash = "sha256:bc51efed119bc9cfdf792cdeaa4d67e8f6fcccab66ed4bfdd6bde3e59bfcbb2f", size = 21887, upload-time = "2025-09-27T18:36:23.535Z" },
    { url = "https://files.pythonhosted.org/packages/b2/76/7edcab99d5349a4532a459e1fe64f0b0467a3365056ae550d3bcf3f79e1e/markupsafe-3.0.3-cp311-cp311-musllinux_1_2_aarch64.whl", hash = "sha256:068f375c472b3e7acbe2d5318dea141359e6900156b5b2ba06a30b169086b91a", size = 23692, upload-time = "2025-09-27T18:36:24.823Z" },
    { url = "https://files.pythonhosted.org/packages/a4/28/6e74cdd26d7514849143d69f0bf2399f929c37dc2b31e6829fd2045b2765/markupsafe-3.0.3-cp311-cp311-musllinux_1_2_riscv64.whl", hash = "sha256:7be7b61bb172e1ed687f1754f8e7484f1c8019780f6f6b0786e76bb01c2ae115", size = 21471, upload-time = "2025-09-27T18:36:25.95Z" },
    { url = "https://files.pythonhosted.org/packages/62/7e/a145f36a5c2945673e590850a6f8014318d5577ed7e5920a4b3448e0865d/markupsafe-3.0.3-cp311-cp311-musllinux_1_2_x86_64.whl", hash = "sha256:f9e130248f4462aaa8e2552d547f36ddadbeaa573879158d721bbd33dfe4743a", size = 22923, upload-time = "2025-09-27T18:36:27.109Z" },
    { url = "https://files.pythonhosted.org/packages/0f/62/d9c46a7f5c9adbeeeda52f5b8d802e1094e9717705a645efc71b0913a0a8/markupsafe-3.0.3-cp311-cp311-win32.whl", hash = "sha256:0db14f5dafddbb6d9208827849fad01f1a2609380add406671a26386cdf15a19", size = 14572, upload-time = "2025-09-27T18:36:28.045Z" },
    { url = "https://files.pythonhosted.org/packages/83/8a/4414c03d3f891739326e1783338e48fb49781cc915b2e0ee052aa490d586/markupsafe-3.0.3-cp311-cp311-win_amd64.whl", hash = "sha256:de8a88e63464af587c950061a5e6a67d3632e36df62b986892331d4620a35c01", size = 15077, upload-time = "2025-09-27T18:36:29.025Z" },
    { url = "https://files.pythonhosted.org/packages/35/73/893072b42e6862f319b5207adc9ae06070f095b358655f077f69a35601f0/markupsafe-3.0.3-cp311-cp311-win_arm64.whl", hash = "sha256:3b562dd9e9ea93f13d53989d23a7e775fdfd1066c33494ff43f5418bc8c58a5c", size = 13876, upload-time = "2025-09-27T18:36:29.954Z" },
    { url = "https://files.pythonhosted.org/packages/5a/72/147da192e38635ada20e0a2e1a51cf8823d2119ce8883f7053879c2199b5/markupsafe-3.0.3-cp312-cp312-macosx_10_13_x86_64.whl", hash = "sha256:d53197da72cc091b024dd97249dfc7794d6a56530370992a5e1a08983ad9230e", size = 11615, upload-time = "2025-09-27T18:36:30.854Z" },
    { url = "https://files.pythonhosted.org/packages/9a/81/7e4e08678a1f98521201c3079f77db69fb552acd56067661f8c2f534a718/markupsafe-3.0.3-cp312-cp312-macosx_11_0_arm64.whl", hash = "sha256:1872df69a4de6aead3491198eaf13810b565bdbeec3ae2dc8780f14458ec73ce", size = 12020, upload-time = "2025-09-27T18:36:31.971Z" },
    { url = "https://files.pythonhosted.org/packages/1e/2c/799f4742efc39633a1b54a92eec4082e4f815314869865d876824c257c1e/markupsafe-3.0.3-cp312-cp312-manylinux2014_aarch64.manylinux_2_17_aarch64.manylinux_2_28_aarch64.whl", hash = "sha256:3a7e8ae81ae39e62a41ec302f972ba6ae23a5c5396c8e60113e9066ef893da0d", size = 24332, upload-time = "2025-09-27T18:36:32.813Z" },
    { url = "https://files.pythonhosted.org/packages/3c/2e/8d0c2ab90a8c1d9a24f0399058ab8519a3279d1bd4289511d74e909f060e/markupsafe-3.0.3-cp312-cp312-manylinux2014_x86_64.manylinux_2_17_x86_64.manylinux_2_28_x86_64.whl", hash = "sha256:d6dd0be5b5b189d31db7cda48b91d7e0a9795f31430b7f271219ab30f1d3ac9d", size = 22947, upload-time = "2025-09-27T18:36:33.86Z" },
    { url = "https://files.pythonhosted.org/packages/2c/54/887f3092a85238093a0b2154bd629c89444f395618842e8b0c41783898ea/markupsafe-3.0.3-cp312-cp312-manylinux_2_31_riscv64.manylinux_2_39_riscv64.whl", hash = "sha256:94c6f0bb423f739146aec64595853541634bde58b2135f27f61c1ffd1cd4d16a", size = 21962, upload-time = "2025-09-27T18:36:35.099Z" },
    { url = "https://files.pythonhosted.org/packages/c9/2f/336b8c7b6f4a4d95e91119dc8521402461b74a485558d8f238a68312f11c/markupsafe-3.0.3-cp312-cp312-musllinux_1_2_aarch64.whl", hash = "sha256:be8813b57049a7dc738189df53d69395eba14fb99345e0a5994914a3864c8a4b", size = 23760, upload-time = "2025-09-27T18:36:36.001Z" },
    { url = "https://files.pythonhosted.org/packages/32/43/67935f2b7e4982ffb50a4d169b724d74b62a3964bc1a9a527f5ac4f1ee2b/markupsafe-3.0.3-cp312-cp312-musllinux_1_2_riscv64.whl", hash = "sha256:83891d0e9fb81a825d9a6d61e3f07550ca70a076484292a70fde82c4b807286f", size = 21529, upload-time = "2025-09-27T18:36:36.906Z" },
    { url = "https://files.pythonhosted.org/packages/89/e0/4486f11e51bbba8b0c041098859e869e304d1c261e59244baa3d295d47b7/markupsafe-3.0.3-cp312-cp312-musllinux_1_2_x86_64.whl", hash = "sha256:77f0643abe7495da77fb436f50f8dab76dbc6e5fd25d39589a0f1fe6548bfa2b", size = 23015, upload-time = "2025-09-27T18:36:37.868Z" },
    { url = "https://files.pythonhosted.org/packages/2f/e1/78ee7a023dac597a5825441ebd17170785a9dab23de95d2c7508ade94e0e/markupsafe-3.0.3-cp312-cp312-win32.whl", hash = "sha256:d88b440e37a16e651bda4c7c2b930eb586fd15ca7406cb39e211fcff3bf3017d", size = 14540, upload-time = "2025-09-27T18:36:38.761Z" },
    { url = "https://files.pythonhosted.org/packages/aa/5b/bec5aa9bbbb2c946ca2733ef9c4ca91c91b6a24580193e891b5f7dbe8e1e/markupsafe-3.0.3-cp312-cp312-win_amd64.whl", hash = "sha256:26a5784ded40c9e318cfc2bdb30fe164bdb8665ded9cd64d500a34fb42067b1c", size = 15105, upload-time = "2025-09-27T18:36:39.701Z" },
    { url = "https://files.pythonhosted.org/packages/e5/f1/216fc1bbfd74011693a4fd837e7026152e89c4bcf3e77b6692fba9923123/markupsafe-3.0.3-cp312-cp312-win_arm64.whl", hash = "sha256:35add3b638a5d900e807944a078b51922212fb3dedb01633a8defc4b01a3c85f", size = 13906, upload-time = "2025-09-27T18:36:40.689Z" },
]

[[package]]
name = "minify-html"
version = "0.18.1"
source = { registry = "https://pypi.org/simple" }
sdist = { url = "https://files.pythonhosted.org/packages/77/b7/83dc18bef0cd6f4268d1a63dd682730d3c1150d77a973a34c8de63610bdc/minify_html-0.18.1.tar.gz", hash = "sha256:43998530ef537701f003a8e908b756d78eff303c86b041a95855e290518ba79c", size = 96577, upload-time = "2025-10-25T22:27:18.801Z" }
wheels = [
    { url = "https://files.pythonhosted.org/packages/a4/f1/03fa8d0f8801c9a13a3330715890a88424c5e4277b895713f8aeea9c3543/minify_html-0.18.1-cp311-cp311-macosx_10_12_x86_64.whl", hash = "sha256:aa9ce0978b03b4040ef72f4eb6a367bd615165d88b5c2363c098efa3d60d7855", size = 3062942, upload-time = "2025-10-25T22:39:42.716Z" },
    { url = "https://files.pythonhosted.org/packages/21/d0/3403a9a782b8012196e138f963be0d0f8d9e244af6069486860afbac9944/minify_html-0.18.1-cp311-cp311-macosx_11_0_arm64.whl", hash = "sha256:91791ea8a6c5f6cc227dc9febd036382e3ac7f93c157d48599f9668a5e813339", size = 2828941, upload-time = "2025-10-25T22:58:22.088Z" },
    { url = "https://files.pythonhosted.org/packages/e9/e6/bc21600265679476da5f90d74212aa84ee413eb1e4068238d5f34d8cb531/minify_html-0.18.1-cp311-cp311-manylinux_2_17_aarch64.manylinux2014_aarch64.whl", hash = "sha256:a20c648f26b600a55ea2f3f8e8c1c2797408890cfe453e58a151c3bcd1a088fb", size = 2900823, upload-time = "2025-10-25T22:27:51.596Z" },
    { url = "https://files.pythonhosted.org/packages/7b/0b/81e7135dd922bd9a0d3c835d829e9a145193da6ac5cc21b1e8bc9c8c9f9f/minify_html-0.18.1-cp311-cp311-manylinux_2_17_x86_64.manylinux2014_x86_64.whl", hash = "sha256:b92f40bab8178cbc39a0e2c602513b6478b9489e4b99c5452a680342881db7d8", size = 3083123, upload-time = "2025-10-25T22:27:24.31Z" },
    { url = "https://files.pythonhosted.org/packages/23/97/7468805064065af619db0a5bba8490ccdad976607e7b1abf671be85c3b3e/minify_html-0.18.1-cp311-cp311-musllinux_1_1_aarch64.whl", hash = "sha256:af83d722fe73e1e571da1130d09f06358cf507a18c153c72a4e56c276e7305af", size = 3082360, upload-time = "2025-10-25T22:31:09.786Z" },
    { url = "https://files.pythonhosted.org/packages/4c/53/05b2d57a2cd1f5da5e8848f180074d4b2963025c57082d87b9c472d82177/minify_html-0.18.1-cp311-cp311-musllinux_1_1_x86_64.whl", hash = "sha256:f5c3e4a711cd51643cb0b76d24fdd74646e55f0a92ae3c3ef2f8a6746f6b7ae4", size = 3328307, upload-time = "2025-10-25T22:27:19.346Z" },
    { url = "https://files.pythonhosted.org/packages/60/c7/fb44633a499fda905b176405cc82917a4ce7261a21f135a5cf20465d341c/minify_html-0.18.1-cp311-cp311-win_amd64.whl", hash = "sha256:d99db3db6208729aea917a884413eed0850148792bc33fc81f70ec9e41465906", size = 3118683, upload-time = "2025-10-25T22:36:42.195Z" },
    { url = "https://files.pythonhosted.org/packages/4e/2b/b6f715517caeae632977d89e4d213df3a125c976112e17704ee3e18f511e/minify_html-0.18.1-cp312-cp312-macosx_10_12_x86_64.whl", hash = "sha256:fe625fae576d20f0fe5981f0f7a5fe6d96608bbb8daf4815f7a0b28be7d62472", size = 3061927, upload-time = "2025-10-25T22:41:31.329Z" },
    { url = "https://files.pythonhosted.org/packages/30/37/ffef9cb491b0830a56ec29d4a13bc09a7a92e0ca9d48dd5690ba7304a91f/minify_html-0.18.1-cp312-cp312-macosx_11_0_arm64.whl", hash = "sha256:3e9a91dc200c0a99e0b3c577b44aee0aa449aaf510464197f198e94b7bdf2d48", size = 2828402, upload-time = "2025-10-25T22:52:37.004Z" },
    { url = "https://files.pythonhosted.org/packages/17/cc/07587b26e266cacfa2d640d479a0a7978632a4b38cac55ef93aac0b3ad91/minify_html-0.18.1-cp312-cp312-manylinux_2_17_aarch64.manylinux2014_aarch64.whl", hash = "sha256:854590f1fc1b2ba8f8cd26e925030a37fb6e042545d0cef2b44d0d1942d02943", size = 2900527, upload-time = "2025-10-25T22:27:48.511Z" },
    { url = "https://files.pythonhosted.org/packages/c7/1a/2861184a8fc568fcc323a91486f269701752a47cb4750a31c861d6586a25/minify_html-0.18.1-cp312-cp312-manylinux_2_17_x86_64.manylinux2014_x86_64.whl", hash = "sha256:568aa4fea1918408ffa2a4f7aad1c35cdcdadb7e1a50ca06bcdce9fa8a4a648a", size = 3083388, upload-time = "2025-10-25T22:27:26.465Z" },
    { url = "https://files.pythonhosted.org/packages/4a/82/d849a3da2b45439fb1062a7ef52f78ad5e69bf2e5f44c8dead889c5cfb88/minify_html-0.18.1-cp312-cp312-musllinux_1_1_aarch64.whl", hash = "sha256:98c8a76f35394f3ba125cb1b645e9a4a18080f0a12912346c7ded9711d96d045", size = 3082234, upload-time = "2025-10-25T22:30:47.184Z" },
    { url = "https://files.pythonhosted.org/packages/92/3b/26ee72b299f5b308d629c76e35b1065b95c99d3bd63302138820bf883a57/minify_html-0.18.1-cp312-cp312-musllinux_1_1_x86_64.whl", hash = "sha256:72960df65a518f3a8a1c9cdba4d22fe75cdd599ac6f39d806441fe8f00d9ce5f", size = 3328226, upload-time = "2025-10-25T22:34:09.559Z" },
    { url = "https://files.pythonhosted.org/packages/a9/c2/e0a6843fe795382b3f39bd34ef3125b3213682a2223a0b1f643ee6999828/minify_html-0.18.1-cp312-cp312-win_amd64.whl", hash = "sha256:55de95959c5b0a5b816e3a071fe8cd781bc015921e4d1fd8ca169a6729d86cd6", size = 3117419, upload-time = "2025-10-25T22:36:52.725Z" },
]

[[package]]
name = "natsort"
version = "8.4.0"
source = { registry = "https://pypi.org/simple" }
sdist = { url = "https://files.pythonhosted.org/packages/e2/a9/a0c57aee75f77794adaf35322f8b6404cbd0f89ad45c87197a937764b7d0/natsort-8.4.0.tar.gz", hash = "sha256:45312c4a0e5507593da193dedd04abb1469253b601ecaf63445ad80f0a1ea581", size = 76575, upload-time = "2023-06-20T04:17:19.925Z" }
wheels = [
    { url = "https://files.pythonhosted.org/packages/ef/82/7a9d0550484a62c6da82858ee9419f3dd1ccc9aa1c26a1e43da3ecd20b0d/natsort-8.4.0-py3-none-any.whl", hash = "sha256:4732914fb471f56b5cce04d7bae6f164a592c7712e1c85f9ef585e197299521c", size = 38268, upload-time = "2023-06-20T04:17:17.522Z" },
]

[[package]]
name = "numpy"
version = "2.4.4"
source = { registry = "https://pypi.org/simple" }
sdist = { url = "https://files.pythonhosted.org/packages/d7/9f/b8cef5bffa569759033adda9481211426f12f53299629b410340795c2514/numpy-2.4.4.tar.gz", hash = "sha256:2d390634c5182175533585cc89f3608a4682ccb173cc9bb940b2881c8d6f8fa0", size = 20731587, upload-time = "2026-03-29T13:22:01.298Z" }
wheels = [
    { url = "https://files.pythonhosted.org/packages/ef/c6/4218570d8c8ecc9704b5157a3348e486e84ef4be0ed3e38218ab473c83d2/numpy-2.4.4-cp311-cp311-macosx_10_9_x86_64.whl", hash = "sha256:f983334aea213c99992053ede6168500e5f086ce74fbc4acc3f2b00f5762e9db", size = 16976799, upload-time = "2026-03-29T13:18:15.438Z" },
    { url = "https://files.pythonhosted.org/packages/dd/92/b4d922c4a5f5dab9ed44e6153908a5c665b71acf183a83b93b690996e39b/numpy-2.4.4-cp311-cp311-macosx_11_0_arm64.whl", hash = "sha256:72944b19f2324114e9dc86a159787333b77874143efcf89a5167ef83cfee8af0", size = 14971552, upload-time = "2026-03-29T13:18:18.606Z" },
    { url = "https://files.pythonhosted.org/packages/8a/dc/df98c095978fa6ee7b9a9387d1d58cbb3d232d0e69ad169a4ce784bde4fd/numpy-2.4.4-cp311-cp311-macosx_14_0_arm64.whl", hash = "sha256:86b6f55f5a352b48d7fbfd2dbc3d5b780b2d79f4d3c121f33eb6efb22e9a2015", size = 5476566, upload-time = "2026-03-29T13:18:21.532Z" },
    { url = "https://files.pythonhosted.org/packages/28/34/b3fdcec6e725409223dd27356bdf5a3c2cc2282e428218ecc9cb7acc9763/numpy-2.4.4-cp311-cp311-macosx_14_0_x86_64.whl", hash = "sha256:ba1f4fc670ed79f876f70082eff4f9583c15fb9a4b89d6188412de4d18ae2f40", size = 6806482, upload-time = "2026-03-29T13:18:23.634Z" },
    { url = "https://files.pythonhosted.org/packages/68/62/63417c13aa35d57bee1337c67446761dc25ea6543130cf868eace6e8157b/numpy-2.4.4-cp311-cp311-manylinux_2_27_aarch64.manylinux_2_28_aarch64.whl", hash = "sha256:8a87ec22c87be071b6bdbd27920b129b94f2fc964358ce38f3822635a3e2e03d", size = 15973376, upload-time = "2026-03-29T13:18:26.677Z" },
    { url = "https://files.pythonhosted.org/packages/cf/c5/9fcb7e0e69cef59cf10c746b84f7d58b08bc66a6b7d459783c5a4f6101a6/numpy-2.4.4-cp311-cp311-manylinux_2_27_x86_64.manylinux_2_28_x86_64.whl", hash = "sha256:df3775294accfdd75f32c74ae39fcba920c9a378a2fc18a12b6820aa8c1fb502", size = 16925137, upload-time = "2026-03-29T13:18:30.14Z" },
    { url = "https://files.pythonhosted.org/packages/7e/43/80020edacb3f84b9efdd1591120a4296462c23fd8db0dde1666f6ef66f13/numpy-2.4.4-cp311-cp311-musllinux_1_2_aarch64.whl", hash = "sha256:0d4e437e295f18ec29bc79daf55e8a47a9113df44d66f702f02a293d93a2d6dd", size = 17329414, upload-time = "2026-03-29T13:18:33.733Z" },
    { url = "https://files.pythonhosted.org/packages/fd/06/af0658593b18a5f73532d377188b964f239eb0894e664a6c12f484472f97/numpy-2.4.4-cp311-cp311-musllinux_1_2_x86_64.whl", hash = "sha256:6aa3236c78803afbcb255045fbef97a9e25a1f6c9888357d205ddc42f4d6eba5", size = 18658397, upload-time = "2026-03-29T13:18:37.511Z" },
    { url = "https://files.pythonhosted.org/packages/e6/ce/13a09ed65f5d0ce5c7dd0669250374c6e379910f97af2c08c57b0608eee4/numpy-2.4.4-cp311-cp311-win32.whl", hash = "sha256:30caa73029a225b2d40d9fae193e008e24b2026b7ee1a867b7ee8d96ca1a448e", size = 6239499, upload-time = "2026-03-29T13:18:40.372Z" },
    { url = "https://files.pythonhosted.org/packages/bd/63/05d193dbb4b5eec1eca73822d80da98b511f8328ad4ae3ca4caf0f4db91d/numpy-2.4.4-cp311-cp311-win_amd64.whl", hash = "sha256:6bbe4eb67390b0a0265a2c25458f6b90a409d5d069f1041e6aff1e27e3d9a79e", size = 12614257, upload-time = "2026-03-29T13:18:42.95Z" },
    { url = "https://files.pythonhosted.org/packages/87/c5/8168052f080c26fa984c413305012be54741c9d0d74abd7fbeeccae3889f/numpy-2.4.4-cp311-cp311-win_arm64.whl", hash = "sha256:fcfe2045fd2e8f3cb0ce9d4ba6dba6333b8fa05bb8a4939c908cd43322d14c7e", size = 10486775, upload-time = "2026-03-29T13:18:45.835Z" },
    { url = "https://files.pythonhosted.org/packages/28/05/32396bec30fb2263770ee910142f49c1476d08e8ad41abf8403806b520ce/numpy-2.4.4-cp312-cp312-macosx_10_13_x86_64.whl", hash = "sha256:15716cfef24d3a9762e3acdf87e27f58dc823d1348f765bbea6bef8c639bfa1b", size = 16689272, upload-time = "2026-03-29T13:18:49.223Z" },
    { url = "https://files.pythonhosted.org/packages/c5/f3/a983d28637bfcd763a9c7aafdb6d5c0ebf3d487d1e1459ffdb57e2f01117/numpy-2.4.4-cp312-cp312-macosx_11_0_arm64.whl", hash = "sha256:23cbfd4c17357c81021f21540da84ee282b9c8fba38a03b7b9d09ba6b951421e", size = 14699573, upload-time = "2026-03-29T13:18:52.629Z" },
    { url = "https://files.pythonhosted.org/packages/9b/fd/e5ecca1e78c05106d98028114f5c00d3eddb41207686b2b7de3e477b0e22/numpy-2.4.4-cp312-cp312-macosx_14_0_arm64.whl", hash = "sha256:8b3b60bb7cba2c8c81837661c488637eee696f59a877788a396d33150c35d842", size = 5204782, upload-time = "2026-03-29T13:18:55.579Z" },
    { url = "https://files.pythonhosted.org/packages/de/2f/702a4594413c1a8632092beae8aba00f1d67947389369b3777aed783fdca/numpy-2.4.4-cp312-cp312-macosx_14_0_x86_64.whl", hash = "sha256:e4a010c27ff6f210ff4c6ef34394cd61470d01014439b192ec22552ee867f2a8", size = 6552038, upload-time = "2026-03-29T13:18:57.769Z" },
    { url = "https://files.pythonhosted.org/packages/7f/37/eed308a8f56cba4d1fdf467a4fc67ef4ff4bf1c888f5fc980481890104b1/numpy-2.4.4-cp312-cp312-manylinux_2_27_aarch64.manylinux_2_28_aarch64.whl", hash = "sha256:f9e75681b59ddaa5e659898085ae0eaea229d054f2ac0c7e563a62205a700121", size = 15670666, upload-time = "2026-03-29T13:19:00.341Z" },
    { url = "https://files.pythonhosted.org/packages/0a/0d/0e3ecece05b7a7e87ab9fb587855548da437a061326fff64a223b6dcb78a/numpy-2.4.4-cp312-cp312-manylinux_2_27_x86_64.manylinux_2_28_x86_64.whl", hash = "sha256:81f4a14bee47aec54f883e0cad2d73986640c1590eb9bfaaba7ad17394481e6e", size = 16645480, upload-time = "2026-03-29T13:19:03.63Z" },
    { url = "https://files.pythonhosted.org/packages/34/49/f2312c154b82a286758ee2f1743336d50651f8b5195db18cdb63675ff649/numpy-2.4.4-cp312-cp312-musllinux_1_2_aarch64.whl", hash = "sha256:62d6b0f03b694173f9fcb1fb317f7222fd0b0b103e784c6549f5e53a27718c44", size = 17020036, upload-time = "2026-03-29T13:19:07.428Z" },
    { url = "https://files.pythonhosted.org/packages/7b/e9/736d17bd77f1b0ec4f9901aaec129c00d59f5d84d5e79bba540ef12c2330/numpy-2.4.4-cp312-cp312-musllinux_1_2_x86_64.whl", hash = "sha256:fbc356aae7adf9e6336d336b9c8111d390a05df88f1805573ebb0807bd06fd1d", size = 18368643, upload-time = "2026-03-29T13:19:10.775Z" },
    { url = "https://files.pythonhosted.org/packages/63/f6/d417977c5f519b17c8a5c3bc9e8304b0908b0e21136fe43bf628a1343914/numpy-2.4.4-cp312-cp312-win32.whl", hash = "sha256:0d35aea54ad1d420c812bfa0385c71cd7cc5bcf7c65fed95fc2cd02fe8c79827", size = 5961117, upload-time = "2026-03-29T13:19:13.464Z" },
    { url = "https://files.pythonhosted.org/packages/2d/5b/e1deebf88ff431b01b7406ca3583ab2bbb90972bbe1c568732e49c844f7e/numpy-2.4.4-cp312-cp312-win_amd64.whl", hash = "sha256:b5f0362dc928a6ecd9db58868fca5e48485205e3855957bdedea308f8672ea4a", size = 12320584, upload-time = "2026-03-29T13:19:16.155Z" },
    { url = "https://files.pythonhosted.org/packages/58/89/e4e856ac82a68c3ed64486a544977d0e7bdd18b8da75b78a577ca31c4395/numpy-2.4.4-cp312-cp312-win_arm64.whl", hash = "sha256:846300f379b5b12cc769334464656bc882e0735d27d9726568bc932fdc49d5ec", size = 10221450, upload-time = "2026-03-29T13:19:18.994Z" },
    { url = "https://files.pythonhosted.org/packages/6b/33/8fae8f964a4f63ed528264ddf25d2b683d0b663e3cba26961eb838a7c1bd/numpy-2.4.4-pp311-pypy311_pp73-macosx_10_15_x86_64.whl", hash = "sha256:58c8b5929fcb8287cbd6f0a3fae19c6e03a5c48402ae792962ac465224a629a4", size = 16854491, upload-time = "2026-03-29T13:21:38.03Z" },
    { url = "https://files.pythonhosted.org/packages/bc/d0/1aabee441380b981cf8cdda3ae7a46aa827d1b5a8cce84d14598bc94d6d9/numpy-2.4.4-pp311-pypy311_pp73-macosx_11_0_arm64.whl", hash = "sha256:eea7ac5d2dce4189771cedb559c738a71512768210dc4e4753b107a2048b3d0e", size = 14895830, upload-time = "2026-03-29T13:21:41.509Z" },
    { url = "https://files.pythonhosted.org/packages/a5/b8/aafb0d1065416894fccf4df6b49ef22b8db045187949545bced89c034b8e/numpy-2.4.4-pp311-pypy311_pp73-macosx_14_0_arm64.whl", hash = "sha256:51fc224f7ca4d92656d5a5eb315f12eb5fe2c97a66249aa7b5f562528a3be38c", size = 5400927, upload-time = "2026-03-29T13:21:44.747Z" },
    { url = "https://files.pythonhosted.org/packages/d6/77/063baa20b08b431038c7f9ff5435540c7b7265c78cf56012a483019ca72d/numpy-2.4.4-pp311-pypy311_pp73-macosx_14_0_x86_64.whl", hash = "sha256:28a650663f7314afc3e6ec620f44f333c386aad9f6fc472030865dc0ebb26ee3", size = 6715557, upload-time = "2026-03-29T13:21:47.406Z" },
    { url = "https://files.pythonhosted.org/packages/c7/a8/379542d45a14f149444c5c4c4e7714707239ce9cc1de8c2803958889da14/numpy-2.4.4-pp311-pypy311_pp73-manylinux_2_27_aarch64.manylinux_2_28_aarch64.whl", hash = "sha256:19710a9ca9992d7174e9c52f643d4272dcd1558c5f7af7f6f8190f633bd651a7", size = 15804253, upload-time = "2026-03-29T13:21:50.753Z" },
    { url = "https://files.pythonhosted.org/packages/a2/c8/f0a45426d6d21e7ea3310a15cf90c43a14d9232c31a837702dba437f3373/numpy-2.4.4-pp311-pypy311_pp73-manylinux_2_27_x86_64.manylinux_2_28_x86_64.whl", hash = "sha256:9b2aec6af35c113b05695ebb5749a787acd63cafc83086a05771d1e1cd1e555f", size = 16753552, upload-time = "2026-03-29T13:21:54.344Z" },
    { url = "https://files.pythonhosted.org/packages/04/74/f4c001f4714c3ad9ce037e18cf2b9c64871a84951eaa0baf683a9ca9301c/numpy-2.4.4-pp311-pypy311_pp73-win_amd64.whl", hash = "sha256:f2cf083b324a467e1ab358c105f6cad5ea950f50524668a80c486ff1db24e119", size = 12509075, upload-time = "2026-03-29T13:21:57.644Z" },
]

[[package]]
name = "opendbc"
version = "0.2.1"
source = { directory = "openpilot/opendbc_repo" }
dependencies = [
    { name = "numpy" },
    { name = "pycapnp" },
    { name = "pycryptodome" },
    { name = "tqdm" },
]

[package.optional-dependencies]
docs = [
    { name = "jinja2" },
]

[package.metadata]
requires-dist = [
    { name = "cffi", marker = "extra == 'testing'" },
    { name = "codespell", marker = "extra == 'testing'" },
    { name = "comma-car-segments", marker = "extra == 'testing'", url = "https://huggingface.co/datasets/commaai/commaCarSegments/resolve/main/dist/comma_car_segments-0.1.0-py3-none-any.whl" },
    { name = "cppcheck", marker = "extra == 'testing'", git = "https://github.com/commaai/dependencies.git?subdirectory=cppcheck&rev=release-cppcheck" },
    { name = "cpplint", marker = "extra == 'testing'" },
    { name = "gcovr", marker = "extra == 'testing'" },
    { name = "hypothesis", marker = "extra == 'testing'", specifier = "==6.47.*" },
    { name = "inputs", marker = "extra == 'examples'" },
    { name = "jinja2", marker = "extra == 'docs'" },
    { name = "lefthook", marker = "extra == 'testing'" },
    { name = "numpy" },
    { name = "pycapnp", specifier = "==2.1.0" },
    { name = "pycryptodome" },
    { name = "ruff", marker = "extra == 'testing'" },
    { name = "tqdm" },
    { name = "tree-sitter", marker = "extra == 'testing'" },
    { name = "tree-sitter-c", marker = "extra == 'testing'" },
    { name = "ty", marker = "extra == 'testing'" },
    { name = "unittest-parallel", marker = "extra == 'testing'" },
    { name = "zstandard", marker = "extra == 'testing'" },
]
provides-extras = ["testing", "docs", "examples"]

[[package]]
name = "openpilot-support"
version = "0.1.0"
source = { virtual = "." }
dependencies = [
    { name = "crcmod" },
    { name = "jinja2" },
    { name = "minify-html" },
    { name = "natsort" },
    { name = "opendbc", extra = ["docs"] },
]

[package.metadata]
requires-dist = [
    { name = "crcmod" },
    { name = "jinja2", specifier = ">=3" },
    { name = "minify-html", specifier = ">=0.15" },
    { name = "natsort" },
    { name = "opendbc", extras = ["docs"], directory = "openpilot/opendbc_repo" },
]

[[package]]
name = "pycapnp"
version = "2.1.0"
source = { registry = "https://pypi.org/simple" }
sdist = { url = "https://files.pythonhosted.org/packages/15/86/a57e3c92acd3e1d2fc3dcad683ada191f722e4ac927e1a384b228ec2780a/pycapnp-2.1.0.tar.gz", hash = "sha256:69cc3d861fee1c9b26c73ad2e8a5d51e76ad87e4ff9be33a4fd2fc72f5846aec", size = 689734, upload-time = "2025-09-05T03:50:40.851Z" }
wheels = [
    { url = "https://files.pythonhosted.org/packages/68/7c/934750a0ca77431a22e68e11521dcc6b801bea3ff37331d6a519e5ad142e/pycapnp-2.1.0-cp311-cp311-macosx_10_9_x86_64.whl", hash = "sha256:efacc439ec287d9e8a0ebf01a515404eff795659401e65ba6f1819c7b24f4380", size = 1628855, upload-time = "2025-09-05T03:48:32.317Z" },
    { url = "https://files.pythonhosted.org/packages/2e/a2/fd2c10b3f2e5010c747aa946b27fe09f665d65d5dc2afdd31838a3ef2f5d/pycapnp-2.1.0-cp311-cp311-macosx_11_0_arm64.whl", hash = "sha256:f3d8af535a8b44dfd71731a191386c6b821b8a4915806948893d18c79f547a8e", size = 1496942, upload-time = "2025-09-05T03:48:34.905Z" },
    { url = "https://files.pythonhosted.org/packages/0b/8a/42bd0e4c094ef534ac6890d34adae580cbbf5b0497fc0a6340bea833a617/pycapnp-2.1.0-cp311-cp311-manylinux_2_28_aarch64.whl", hash = "sha256:117d1d5ebfc08cc189aca4f771b34fedc1291a3f9417167bd2d9b2a4e607e640", size = 5200170, upload-time = "2025-09-05T03:48:36.502Z" },
    { url = "https://files.pythonhosted.org/packages/af/30/2e92268383135082191c3dea4a9ad184d20b7fb2dda1477fd6ee520fd88e/pycapnp-2.1.0-cp311-cp311-manylinux_2_28_ppc64le.whl", hash = "sha256:d881ccc69e381863a88c7b6c7092a6baecb6dfc8c5558d66bc967c7f778fe7bc", size = 5684026, upload-time = "2025-09-05T03:48:38.063Z" },
    { url = "https://files.pythonhosted.org/packages/46/9c/bca1cbd7711c9c0f0f62ca95a49835369a61c4f6527a6900c8982045bf2f/pycapnp-2.1.0-cp311-cp311-manylinux_2_28_s390x.whl", hash = "sha256:8a4ea330e38ba83f6f03fbdc1f58642eb53e6f6f66734a426fa592dc988d70e9", size = 5709307, upload-time = "2025-09-05T03:48:40.127Z" },
    { url = "https://files.pythonhosted.org/packages/2d/29/cd14676d992c7b166baa7e022b369c15240d408b202410d105b23b25f737/pycapnp-2.1.0-cp311-cp311-manylinux_2_28_x86_64.whl", hash = "sha256:fb2563de4619d359820de9d47b4704e4f7eda193ffc4a56e39cdcd2c8301c336", size = 5386505, upload-time = "2025-09-05T03:48:41.785Z" },
    { url = "https://files.pythonhosted.org/packages/ae/dd/2fc57cebe9be7e4cd3d6aec0b9c8a0db9772c1b17c37cfe4f04c050422cf/pycapnp-2.1.0-cp311-cp311-musllinux_1_2_aarch64.whl", hash = "sha256:5265d1ae34f9c089fa6983f6c1be404ce480c82b927017290bd703328fa3f5df", size = 6095180, upload-time = "2025-09-05T03:48:43.795Z" },
    { url = "https://files.pythonhosted.org/packages/5a/16/da8c1ada7770a532c859df475533eec5a1b2f5e81a269466a2fe670c5747/pycapnp-2.1.0-cp311-cp311-musllinux_1_2_ppc64le.whl", hash = "sha256:b0a56370a868f752375a785bfb7e06b55cbe71605972615d1220c380bc452380", size = 6603414, upload-time = "2025-09-05T03:48:45.457Z" },
    { url = "https://files.pythonhosted.org/packages/f0/e6/a36eacaf2da6a5ac9c6565600e559edf95115ff990aa3379aee8dd7ba4fe/pycapnp-2.1.0-cp311-cp311-musllinux_1_2_s390x.whl", hash = "sha256:5d7403c25275cf4badf6f9d0c07b1cb94fcdd599df81aba9b621c32b3dcefae9", size = 6621440, upload-time = "2025-09-05T03:48:47.706Z" },
    { url = "https://files.pythonhosted.org/packages/81/54/9150c03638cf4ecdf1664867382d0049146c658d6de30f189817c502df1a/pycapnp-2.1.0-cp311-cp311-musllinux_1_2_x86_64.whl", hash = "sha256:dea5d0d250fe4851b42cd380a207d773ebae76a990e542a888a5f1442f4c247e", size = 6354219, upload-time = "2025-09-05T03:48:49.336Z" },
    { url = "https://files.pythonhosted.org/packages/66/3e/e49ba2d74456d53b570c8d30a660c3b29ecfea075d5dd663132ff9049f19/pycapnp-2.1.0-cp311-cp311-win32.whl", hash = "sha256:593844c3cd92937eb5e7cd47ea3a62cde2d49a1fc05dba644f513c68f60f1318", size = 1053647, upload-time = "2025-09-05T03:48:51.108Z" },
    { url = "https://files.pythonhosted.org/packages/53/de/2b61908dc6abf25b17fed6b5a3b42a2226ec09467a3944f1d845ac29ef9b/pycapnp-2.1.0-cp311-cp311-win_amd64.whl", hash = "sha256:ac13dd30062bb9985ae9ec4feca106af2b4fdac6468a09c7b74ad754f3921a06", size = 1208911, upload-time = "2025-09-05T03:48:53.219Z" },
    { url = "https://files.pythonhosted.org/packages/74/0e/66b41ba600e5f2523e900b7cc0d2e8496b397a1f2d6a5b7b323ab83418b7/pycapnp-2.1.0-cp312-cp312-macosx_10_13_x86_64.whl", hash = "sha256:2d2ec561bc948d11f64f43bf9601bede5d6a603d105ae311bd5583c7130624a4", size = 1619223, upload-time = "2025-09-05T03:48:54.64Z" },
    { url = "https://files.pythonhosted.org/packages/40/6e/9bcb30180bd40cb0534124ff7f8ba8746a735018d593f608bf40c97821c0/pycapnp-2.1.0-cp312-cp312-macosx_11_0_arm64.whl", hash = "sha256:132cd97f57f6b6636323ca9b68d389dd90b96e87af38cde31e2b5c5a064f277e", size = 1484321, upload-time = "2025-09-05T03:48:55.85Z" },
    { url = "https://files.pythonhosted.org/packages/14/0a/9ee1c9ecaff499e4fd1df2f0335bc20f666ec6ce5cd80f8ab055007f3c9b/pycapnp-2.1.0-cp312-cp312-manylinux_2_28_aarch64.whl", hash = "sha256:568e79268ba7c02a71fe558a8aec1ae3c0f0e6aff809ff618a46afe4964957d2", size = 5143502, upload-time = "2025-09-05T03:48:57.733Z" },
    { url = "https://files.pythonhosted.org/packages/4d/50/65837e1416f7a8861ca1e8fe4582a5aef37192d7ef5e2ecfe46880bfdf9c/pycapnp-2.1.0-cp312-cp312-manylinux_2_28_ppc64le.whl", hash = "sha256:bcbf6f882d78d368c8e4bb792295392f5c4d71ddffa13a48da27e7bd47b99e37", size = 5508134, upload-time = "2025-09-05T03:48:59.383Z" },
    { url = "https://files.pythonhosted.org/packages/a1/59/46df6db800e77dbc3cc940723fb3fd7bc837327c858edf464a0f904bf547/pycapnp-2.1.0-cp312-cp312-manylinux_2_28_s390x.whl", hash = "sha256:dc25b96e393410dde25c61c1df3ce644700ef94826c829426d58c2c6b3e2d2f5", size = 5631794, upload-time = "2025-09-05T03:49:03.511Z" },
    { url = "https://files.pythonhosted.org/packages/63/9d/18e978500d5f6bd8d152f4d6919e3cfb83ead8a71c14613bbb54322df8b9/pycapnp-2.1.0-cp312-cp312-manylinux_2_28_x86_64.whl", hash = "sha256:48938e0436ab1be615fc0a41434119a2065490a6212b9a5e56949e89b0588b76", size = 5369378, upload-time = "2025-09-05T03:49:05.539Z" },
    { url = "https://files.pythonhosted.org/packages/96/dc/726f1917e9996dc29f9fd1cf30674a14546cdbdfa0777e1982b6bd1ad628/pycapnp-2.1.0-cp312-cp312-musllinux_1_2_aarch64.whl", hash = "sha256:0c20de0f6e0b3fa9fa1df3864cf46051db3511b63bc29514d1092af65f2b82a0", size = 5999140, upload-time = "2025-09-05T03:49:07.341Z" },
    { url = "https://files.pythonhosted.org/packages/fd/3a/3bbc4c5776fc32fbf8a59df5c7c5810efd292b933cd6545eb4b16d896268/pycapnp-2.1.0-cp312-cp312-musllinux_1_2_ppc64le.whl", hash = "sha256:18caca6527862475167c10ea0809531130585aa8a86cc76cd1629eb87ee30637", size = 6454308, upload-time = "2025-09-05T03:49:08.998Z" },
    { url = "https://files.pythonhosted.org/packages/bf/dd/17e2d7808424f10ffddc47329b980488ed83ec716c504791787e593a7a93/pycapnp-2.1.0-cp312-cp312-musllinux_1_2_s390x.whl", hash = "sha256:9dcc11237697007b66e3bfc500d2ad892bd79672c9b50d61fbf728c6aaf936de", size = 6544212, upload-time = "2025-09-05T03:49:10.675Z" },
    { url = "https://files.pythonhosted.org/packages/6a/5b/68090013128d7853f34c43828dd4dc80a7c8516fd1b56057b134e1e4c2c0/pycapnp-2.1.0-cp312-cp312-musllinux_1_2_x86_64.whl", hash = "sha256:c151edf78155b6416e7cb31e2e333d302d742ba52bb37d4dbdf71e75cc999d46", size = 6295279, upload-time = "2025-09-05T03:49:12.712Z" },
    { url = "https://files.pythonhosted.org/packages/5b/52/7d85212b4fcf127588888f71d3dbf5558ee7dc302eba760b12b1b325f9a3/pycapnp-2.1.0-cp312-cp312-win32.whl", hash = "sha256:c09b28419321dafafc644d60c57ff8ccaf3c3e686801b6060c612a7a3c580944", size = 1038995, upload-time = "2025-09-05T03:49:14.165Z" },
    { url = "https://files.pythonhosted.org/packages/f2/12/25d283ebf5c28717364647672e7494dc46196ca7a662f5420e4866f45687/pycapnp-2.1.0-cp312-cp312-win_amd64.whl", hash = "sha256:560cb69cc02b0347e85b0629e4c2f0a316240900aa905392f9df6bab0a359989", size = 1176620, upload-time = "2025-09-05T03:49:15.545Z" },
]

[[package]]
name = "pycryptodome"
version = "3.23.0"
source = { registry = "https://pypi.org/simple" }
sdist = { url = "https://files.pythonhosted.org/packages/8e/a6/8452177684d5e906854776276ddd34eca30d1b1e15aa1ee9cefc289a33f5/pycryptodome-3.23.0.tar.gz", hash = "sha256:447700a657182d60338bab09fdb27518f8856aecd80ae4c6bdddb67ff5da44ef", size = 4921276, upload-time = "2025-05-17T17:21:45.242Z" }
wheels = [
    { url = "https://files.pythonhosted.org/packages/db/6c/a1f71542c969912bb0e106f64f60a56cc1f0fabecf9396f45accbe63fa68/pycryptodome-3.23.0-cp37-abi3-macosx_10_9_universal2.whl", hash = "sha256:187058ab80b3281b1de11c2e6842a357a1f71b42cb1e15bce373f3d238135c27", size = 2495627, upload-time = "2025-05-17T17:20:47.139Z" },
    { url = "https://files.pythonhosted.org/packages/6e/4e/a066527e079fc5002390c8acdd3aca431e6ea0a50ffd7201551175b47323/pycryptodome-3.23.0-cp37-abi3-macosx_10_9_x86_64.whl", hash = "sha256:cfb5cd445280c5b0a4e6187a7ce8de5a07b5f3f897f235caa11f1f435f182843", size = 1640362, upload-time = "2025-05-17T17:20:50.392Z" },
    { url = "https://files.pythonhosted.org/packages/50/52/adaf4c8c100a8c49d2bd058e5b551f73dfd8cb89eb4911e25a0c469b6b4e/pycryptodome-3.23.0-cp37-abi3-manylinux_2_17_aarch64.manylinux2014_aarch64.whl", hash = "sha256:67bd81fcbe34f43ad9422ee8fd4843c8e7198dd88dd3d40e6de42ee65fbe1490", size = 2182625, upload-time = "2025-05-17T17:20:52.866Z" },
    { url = "https://files.pythonhosted.org/packages/5f/e9/a09476d436d0ff1402ac3867d933c61805ec2326c6ea557aeeac3825604e/pycryptodome-3.23.0-cp37-abi3-manylinux_2_17_x86_64.manylinux2014_x86_64.whl", hash = "sha256:c8987bd3307a39bc03df5c8e0e3d8be0c4c3518b7f044b0f4c15d1aa78f52575", size = 2268954, upload-time = "2025-05-17T17:20:55.027Z" },
    { url = "https://files.pythonhosted.org/packages/f9/c5/ffe6474e0c551d54cab931918127c46d70cab8f114e0c2b5a3c071c2f484/pycryptodome-3.23.0-cp37-abi3-manylinux_2_5_i686.manylinux1_i686.manylinux_2_17_i686.manylinux2014_i686.whl", hash = "sha256:aa0698f65e5b570426fc31b8162ed4603b0c2841cbb9088e2b01641e3065915b", size = 2308534, upload-time = "2025-05-17T17:20:57.279Z" },
    { url = "https://files.pythonhosted.org/packages/18/28/e199677fc15ecf43010f2463fde4c1a53015d1fe95fb03bca2890836603a/pycryptodome-3.23.0-cp37-abi3-musllinux_1_2_aarch64.whl", hash = "sha256:53ecbafc2b55353edcebd64bf5da94a2a2cdf5090a6915bcca6eca6cc452585a", size = 2181853, upload-time = "2025-05-17T17:20:59.322Z" },
    { url = "https://files.pythonhosted.org/packages/ce/ea/4fdb09f2165ce1365c9eaefef36625583371ee514db58dc9b65d3a255c4c/pycryptodome-3.23.0-cp37-abi3-musllinux_1_2_i686.whl", hash = "sha256:156df9667ad9f2ad26255926524e1c136d6664b741547deb0a86a9acf5ea631f", size = 2342465, upload-time = "2025-05-17T17:21:03.83Z" },
    { url = "https://files.pythonhosted.org/packages/22/82/6edc3fc42fe9284aead511394bac167693fb2b0e0395b28b8bedaa07ef04/pycryptodome-3.23.0-cp37-abi3-musllinux_1_2_x86_64.whl", hash = "sha256:dea827b4d55ee390dc89b2afe5927d4308a8b538ae91d9c6f7a5090f397af1aa", size = 2267414, upload-time = "2025-05-17T17:21:06.72Z" },
    { url = "https://files.pythonhosted.org/packages/59/fe/aae679b64363eb78326c7fdc9d06ec3de18bac68be4b612fc1fe8902693c/pycryptodome-3.23.0-cp37-abi3-win32.whl", hash = "sha256:507dbead45474b62b2bbe318eb1c4c8ee641077532067fec9c1aa82c31f84886", size = 1768484, upload-time = "2025-05-17T17:21:08.535Z" },
    { url = "https://files.pythonhosted.org/packages/54/2f/e97a1b8294db0daaa87012c24a7bb714147c7ade7656973fd6c736b484ff/pycryptodome-3.23.0-cp37-abi3-win_amd64.whl", hash = "sha256:c75b52aacc6c0c260f204cbdd834f76edc9fb0d8e0da9fbf8352ef58202564e2", size = 1799636, upload-time = "2025-05-17T17:21:10.393Z" },
    { url = "https://files.pythonhosted.org/packages/18/3d/f9441a0d798bf2b1e645adc3265e55706aead1255ccdad3856dbdcffec14/pycryptodome-3.23.0-cp37-abi3-win_arm64.whl", hash = "sha256:11eeeb6917903876f134b56ba11abe95c0b0fd5e3330def218083c7d98bbcb3c", size = 1703675, upload-time = "2025-05-17T17:21:13.146Z" },
]

[[package]]
name = "tqdm"
version = "4.67.3"
source = { registry = "https://pypi.org/simple" }
dependencies = [
    { name = "colorama", marker = "sys_platform == 'win32'" },
]
sdist = { url = "https://files.pythonhosted.org/packages/09/a9/6ba95a270c6f1fbcd8dac228323f2777d886cb206987444e4bce66338dd4/tqdm-4.67.3.tar.gz", hash = "sha256:7d825f03f89244ef73f1d4ce193cb1774a8179fd96f31d7e1dcde62092b960bb", size = 169598, upload-time = "2026-02-03T17:35:53.048Z" }
wheels = [
    { url = "https://files.pythonhosted.org/packages/16/e1/3079a9ff9b8e11b846c6ac5c8b5bfb7ff225eee721825310c91b3b50304f/tqdm-4.67.3-py3-none-any.whl", hash = "sha256:ee1e4c0e59148062281c49d80b25b67771a127c85fc9676d3be5f243206826bf", size = 78374, upload-time = "2026-02-03T17:35:50.982Z" },
]
